
Microsoft Visual Studio Solution File, Format Version 12.00
# Visual Studio Version 17
VisualStudioVersion = 17.11.35327.3
MinimumVisualStudioVersion = 10.0.40219.1
Project("{9A19103F-16F7-4668-BE54-9A1E7A4F7556}") = "MiNICarRentalBrowser", "MiNICarRentalBrowser\MiNICarRentalBrowser.csproj", "{E0F30AB0-FCF9-4D00-A16D-BCE957F7B1C7}"
EndProject
Project("{9A19103F-16F7-4668-BE54-9A1E7A4F7556}") = "MiniCarRentalAPI", "MiniCarRentalAPI\MiniCarRentalAPI.csproj", "{218F77AA-AE52-4B61-AE30-A63943A4404C}"
EndProject
Global
	GlobalSection(SolutionConfigurationPlatforms) = preSolution
		Debug|Any CPU = Debug|Any CPU
		Release|Any CPU = Release|Any CPU
	EndGlobalSection
	GlobalSection(ProjectConfigurationPlatforms) = postSolution
		{E0F30AB0-FCF9-4D00-A16D-BCE957F7B1C7}.Debug|Any CPU.ActiveCfg = Debug|Any CPU
		{E0F30AB0-FCF9-4D00-A16D-BCE957F7B1C7}.Debug|Any CPU.Build.0 = Debug|Any CPU
		{E0F30AB0-FCF9-4D00-A16D-BCE957F7B1C7}.Release|Any CPU.ActiveCfg = Release|Any CPU
		{E0F30AB0-FCF9-4D00-A16D-BCE957F7B1C7}.Release|Any CPU.Build.0 = Release|Any CPU
		{218F77AA-AE52-4B61-AE30-A63943A4404C}.Debug|Any CPU.ActiveCfg = Debug|Any CPU
		{218F77AA-AE52-4B61-AE30-A63943A4404C}.Debug|Any CPU.Build.0 = Debug|Any CPU
		{218F77AA-AE52-4B61-AE30-A63943A4404C}.Release|Any CPU.ActiveCfg = Release|Any CPU
		{218F77AA-AE52-4B61-AE30-A63943A4404C}.Release|Any CPU.Build.0 = Release|Any CPU
	EndGlobalSection
	GlobalSection(SolutionProperties) = preSolution
		HideSolutionNode = FALSE
	EndGlobalSection
	GlobalSection(ExtensibilityGlobals) = postSolution
		SolutionGuid = {050D9B40-CD9C-448B-BBEA-732E2E25B402}
	EndGlobalSection
EndGlobal
